
Microsoft Visual Studio Solution File, Format Version 12.00
# Visual Studio Version 17
VisualStudioVersion = 17.4.33213.308
MinimumVisualStudioVersion = 10.0.40219.1
Project("{FAE04EC0-301F-11D3-BF4B-00C04F79EFBC}") = "Poc.TestFixture.Api", "Poc.TestFixture.Api\Poc.TestFixture.Api.csproj", "{EF2A2D15-3F3F-4D30-A74E-CF79CC9C5AA7}"
EndProject
Project("{FAE04EC0-301F-11D3-BF4B-00C04F79EFBC}") = "Pot.TestFixture.Tests", "Pot.TestFixture.Tests\Pot.TestFixture.Tests.csproj", "{D6B5DA55-94E8-4181-BD95-C2542E22946C}"
EndProject
Global
	GlobalSection(SolutionConfigurationPlatforms) = preSolution
		Debug|Any CPU = Debug|Any CPU
		Release|Any CPU = Release|Any CPU
	EndGlobalSection
	GlobalSection(ProjectConfigurationPlatforms) = postSolution
		{EF2A2D15-3F3F-4D30-A74E-CF79CC9C5AA7}.Debug|Any CPU.ActiveCfg = Debug|Any CPU
		{EF2A2D15-3F3F-4D30-A74E-CF79CC9C5AA7}.Debug|Any CPU.Build.0 = Debug|Any CPU
		{EF2A2D15-3F3F-4D30-A74E-CF79CC9C5AA7}.Release|Any CPU.ActiveCfg = Release|Any CPU
		{EF2A2D15-3F3F-4D30-A74E-CF79CC9C5AA7}.Release|Any CPU.Build.0 = Release|Any CPU
		{D6B5DA55-94E8-4181-BD95-C2542E22946C}.Debug|Any CPU.ActiveCfg = Debug|Any CPU
		{D6B5DA55-94E8-4181-BD95-C2542E22946C}.Debug|Any CPU.Build.0 = Debug|Any CPU
		{D6B5DA55-94E8-4181-BD95-C2542E22946C}.Release|Any CPU.ActiveCfg = Release|Any CPU
		{D6B5DA55-94E8-4181-BD95-C2542E22946C}.Release|Any CPU.Build.0 = Release|Any CPU
	EndGlobalSection
	GlobalSection(SolutionProperties) = preSolution
		HideSolutionNode = FALSE
	EndGlobalSection
	GlobalSection(ExtensibilityGlobals) = postSolution
		SolutionGuid = {3647CE84-F528-42D9-889E-423A751749E5}
	EndGlobalSection
EndGlobal
